Microsoft Visual Studio Solution File, Format Version 12.00
# Visual Studio Version 17
VisualStudioVersion = 17.0.31912.275
MinimumVisualStudioVersion = 10.0.40219.1
Project("{2150E333-8FDC-42A3-9474-1A3956D46DE8}") = "src", "src", "{3B3CE05A-7B29-4C0E-AC5A-1E79CC23BC23}"
EndProject
Project("{9A19103F-16F7-4668-BE54-9A1E7A4F7556}") = "01-MinimalApiBasics", "src\01-MinimalApiBasics\01-MinimalApiBasics.csproj", "{2B5B62F0-3F45-4B1E-9E6A-3B1E3CF8E001}"
EndProject
Project("{9A19103F-16F7-4668-BE54-9A1E7A4F7556}") = "02-MiddlewareAndRouting", "src\02-MiddlewareAndRouting\02-MiddlewareAndRouting.csproj", "{5E9E2B8D-6B8C-4D7C-B6E7-9B77C5D3C002}"
EndProject
Project("{9A19103F-16F7-4668-BE54-9A1E7A4F7556}") = "03-ConfigAndLogging", "src\03-ConfigAndLogging\03-ConfigAndLogging.csproj", "{8D3F3EAA-4E73-4A9D-A2E0-0D7A9D3CC003}"
EndProject
Project("{9A19103F-16F7-4668-BE54-9A1E7A4F7556}") = "04-DIAndOptions", "src\04-DIAndOptions\04-DIAndOptions.csproj", "{B7C5C9D1-5E3B-4B2E-9D43-1F1FA2C4D004}"
EndProject
Project("{9A19103F-16F7-4668-BE54-9A1E7A4F7556}") = "05-MvcControllersViews", "src\05-MvcControllersViews\05-MvcControllersViews.csproj", "{C4E3D2B2-3D4F-4B8B-84F9-2F2D3E4F5005}"
EndProject
Project("{9A19103F-16F7-4668-BE54-9A1E7A4F7556}") = "06-RazorPages", "src\06-RazorPages\06-RazorPages.csproj", "{D5F4E3C2-2B1A-4F7D-95E8-3E3D4C5B6006}"
EndProject
Project("{9A19103F-16F7-4668-BE54-9A1E7A4F7556}") = "07-WebApiFundamentals", "src\07-WebApiFundamentals\07-WebApiFundamentals.csproj", "{E6A5B4C3-1A2B-4C8D-A6B9-4F4E5D6C7007}"
EndProject
Project("{9A19103F-16F7-4668-BE54-9A1E7A4F7556}") = "08-EfCoreSqlite", "src\08-EfCoreSqlite\08-EfCoreSqlite.csproj", "{F7B6C5D4-0A1B-4D9E-B7CA-5A5E6F7D8008}"
EndProject
Project("{9A19103F-16F7-4668-BE54-9A1E7A4F7556}") = "09-AuthCookieJwt", "src\09-AuthCookieJwt\09-AuthCookieJwt.csproj", "{08C7D6E5-9A8B-4E0F-C8DB-6B6F708E9009}"
EndProject
Project("{9A19103F-16F7-4668-BE54-9A1E7A4F7556}") = "10-FiltersModelBindingValidation", "src\10-FiltersModelBindingValidation\10-FiltersModelBindingValidation.csproj", "{19D8E7F6-8B9C-4F10-D9EC-7C7F819FA00A}"
EndProject
Project("{9A19103F-16F7-4668-BE54-9A1E7A4F7556}") = "11-CachingAndCompression", "src\11-CachingAndCompression\11-CachingAndCompression.csproj", "{2AE9F807-7CAB-4F21-EAFD-8D8F9200B00B}"
EndProject
Project("{9A19103F-16F7-4668-BE54-9A1E7A4F7556}") = "12-BackgroundServices", "src\12-BackgroundServices\12-BackgroundServices.csproj", "{3BFA0916-6DBC-4A32-9B1E-9E9FA311C00C}"
EndProject
Project("{9A19103F-16F7-4668-BE54-9A1E7A4F7556}") = "13-HealthChecksObservability", "src\13-HealthChecksObservability\13-HealthChecksObservability.csproj", "{4C0B1A27-5ECB-4B43-AB2F-AF0AB412D00D}"
EndProject
Project("{9A19103F-16F7-4668-BE54-9A1E7A4F7556}") = "14-SignalRRealtime", "src\14-SignalRRealtime\14-SignalRRealtime.csproj", "{5D0C2B38-6FDD-4C54-9E3F-BA2BC524E00E}"
EndProject
Project("{9A19103F-16F7-4668-BE54-9A1E7A4F7556}") = "15-GrpcServices", "src\15-GrpcServices\15-GrpcServices.csproj", "{6E1D3C49-7FEE-4D65-AF40-CB3CD625F00F}"
EndProject
Project("{9A19103F-16F7-4668-BE54-9A1E7A4F7556}") = "16-RateLimiting", "src\16-RateLimiting\16-RateLimiting.csproj", "{7F2E4D5A-8FFF-4E76-BF51-DC4DE736A010}"
EndProject
Project("{9A19103F-16F7-4668-BE54-9A1E7A4F7556}") = "17-CorsAndSecurity", "src\17-CorsAndSecurity\17-CorsAndSecurity.csproj", "{8A3F5E6B-9AAA-4F87-CA62-ED5EE847B011}"
EndProject
Project("{9A19103F-16F7-4668-BE54-9A1E7A4F7556}") = "18-FileUploadDownload", "src\18-FileUploadDownload\18-FileUploadDownload.csproj", "{9B4A6F7C-ABBB-4A98-DB73-FE6FF958C012}"
EndProject
Project("{9A19103F-16F7-4668-BE54-9A1E7A4F7556}") = "19-ErrorHandling", "src\19-ErrorHandling\19-ErrorHandling.csproj", "{AC5B7A8D-BCCC-4BA9-EC84-AF7AA069D013}"
EndProject
Project("{9A19103F-16F7-4668-BE54-9A1E7A4F7556}") = "20-Testing", "src\20-Testing\20-Testing.csproj", "{BD6C8B9E-CDDD-4CBA-FD95-BA8BB17AE014}"
EndProject
Global
	GlobalSection(SolutionConfigurationPlatforms) = preSolution
		Debug|Any CPU = Debug|Any CPU
		Release|Any CPU = Release|Any CPU
	EndGlobalSection
	GlobalSection(ProjectConfigurationPlatforms) = postSolution
		{2B5B62F0-3F45-4B1E-9E6A-3B1E3CF8E001}.Debug|Any CPU.ActiveCfg = Debug|Any CPU
		{2B5B62F0-3F45-4B1E-9E6A-3B1E3CF8E001}.Debug|Any CPU.Build.0 = Debug|Any CPU
		{2B5B62F0-3F45-4B1E-9E6A-3B1E3CF8E001}.Release|Any CPU.ActiveCfg = Release|Any CPU
		{2B5B62F0-3F45-4B1E-9E6A-3B1E3CF8E001}.Release|Any CPU.Build.0 = Release|Any CPU
		{5E9E2B8D-6B8C-4D7C-B6E7-9B77C5D3C002}.Debug|Any CPU.ActiveCfg = Debug|Any CPU
		{5E9E2B8D-6B8C-4D7C-B6E7-9B77C5D3C002}.Debug|Any CPU.Build.0 = Debug|Any CPU
		{5E9E2B8D-6B8C-4D7C-B6E7-9B77C5D3C002}.Release|Any CPU.ActiveCfg = Release|Any CPU
		{5E9E2B8D-6B8C-4D7C-B6E7-9B77C5D3C002}.Release|Any CPU.Build.0 = Release|Any CPU
		{8D3F3EAA-4E73-4A9D-A2E0-0D7A9D3CC003}.Debug|Any CPU.ActiveCfg = Debug|Any CPU
		{8D3F3EAA-4E73-4A9D-A2E0-0D7A9D3CC003}.Debug|Any CPU.Build.0 = Debug|Any CPU
		{8D3F3EAA-4E73-4A9D-A2E0-0D7A9D3CC003}.Release|Any CPU.ActiveCfg = Release|Any CPU
		{8D3F3EAA-4E73-4A9D-A2E0-0D7A9D3CC003}.Release|Any CPU.Build.0 = Release|Any CPU
		{B7C5C9D1-5E3B-4B2E-9D43-1F1FA2C4D004}.Debug|Any CPU.ActiveCfg = Debug|Any CPU
		{B7C5C9D1-5E3B-4B2E-9D43-1F1FA2C4D004}.Debug|Any CPU.Build.0 = Debug|Any CPU
		{B7C5C9D1-5E3B-4B2E-9D43-1F1FA2C4D004}.Release|Any CPU.ActiveCfg = Release|Any CPU
		{B7C5C9D1-5E3B-4B2E-9D43-1F1FA2C4D004}.Release|Any CPU.Build.0 = Release|Any CPU
		{C4E3D2B2-3D4F-4B8B-84F9-2F2D3E4F5005}.Debug|Any CPU.ActiveCfg = Debug|Any CPU
		{C4E3D2B2-3D4F-4B8B-84F9-2F2D3E4F5005}.Debug|Any CPU.Build.0 = Debug|Any CPU
		{C4E3D2B2-3D4F-4B8B-84F9-2F2D3E4F5005}.Release|Any CPU.ActiveCfg = Release|Any CPU
		{C4E3D2B2-3D4F-4B8B-84F9-2F2D3E4F5005}.Release|Any CPU.Build.0 = Release|Any CPU
		{D5F4E3C2-2B1A-4F7D-95E8-3E3D4C5B6006}.Debug|Any CPU.ActiveCfg = Debug|Any CPU
		{D5F4E3C2-2B1A-4F7D-95E8-3E3D4C5B6006}.Debug|Any CPU.Build.0 = Debug|Any CPU
		{D5F4E3C2-2B1A-4F7D-95E8-3E3D4C5B6006}.Release|Any CPU.ActiveCfg = Release|Any CPU
		{D5F4E3C2-2B1A-4F7D-95E8-3E3D4C5B6006}.Release|Any CPU.Build.0 = Release|Any CPU
		{E6A5B4C3-1A2B-4C8D-A6B9-4F4E5D6C7007}.Debug|Any CPU.ActiveCfg = Debug|Any CPU
		{E6A5B4C3-1A2B-4C8D-A6B9-4F4E5D6C7007}.Debug|Any CPU.Build.0 = Debug|Any CPU
		{E6A5B4C3-1A2B-4C8D-A6B9-4F4E5D6C7007}.Release|Any CPU.ActiveCfg = Release|Any CPU
		{E6A5B4C3-1A2B-4C8D-A6B9-4F4E5D6C7007}.Release|Any CPU.Build.0 = Release|Any CPU
		{F7B6C5D4-0A1B-4D9E-B7CA-5A5E6F7D8008}.Debug|Any CPU.ActiveCfg = Debug|Any CPU
		{F7B6C5D4-0A1B-4D9E-B7CA-5A5E6F7D8008}.Debug|Any CPU.Build.0 = Debug|Any CPU
		{F7B6C5D4-0A1B-4D9E-B7CA-5A5E6F7D8008}.Release|Any CPU.ActiveCfg = Release|Any CPU
		{F7B6C5D4-0A1B-4D9E-B7CA-5A5E6F7D8008}.Release|Any CPU.Build.0 = Release|Any CPU
		{08C7D6E5-9A8B-4E0F-C8DB-6B6F708E9009}.Debug|Any CPU.ActiveCfg = Debug|Any CPU
		{08C7D6E5-9A8B-4E0F-C8DB-6B6F708E9009}.Debug|Any CPU.Build.0 = Debug|Any CPU
		{08C7D6E5-9A8B-4E0F-C8DB-6B6F708E9009}.Release|Any CPU.ActiveCfg = Release|Any CPU
		{08C7D6E5-9A8B-4E0F-C8DB-6B6F708E9009}.Release|Any CPU.Build.0 = Release|Any CPU
		{19D8E7F6-8B9C-4F10-D9EC-7C7F819FA00A}.Debug|Any CPU.ActiveCfg = Debug|Any CPU
		{19D8E7F6-8B9C-4F10-D9EC-7C7F819FA00A}.Debug|Any CPU.Build.0 = Debug|Any CPU
		{19D8E7F6-8B9C-4F10-D9EC-7C7F819FA00A}.Release|Any CPU.ActiveCfg = Release|Any CPU
		{19D8E7F6-8B9C-4F10-D9EC-7C7F819FA00A}.Release|Any CPU.Build.0 = Release|Any CPU
		{2AE9F807-7CAB-4F21-EAFD-8D8F9200B00B}.Debug|Any CPU.ActiveCfg = Debug|Any CPU
		{2AE9F807-7CAB-4F21-EAFD-8D8F9200B00B}.Debug|Any CPU.Build.0 = Debug|Any CPU
		{2AE9F807-7CAB-4F21-EAFD-8D8F9200B00B}.Release|Any CPU.ActiveCfg = Release|Any CPU
		{2AE9F807-7CAB-4F21-EAFD-8D8F9200B00B}.Release|Any CPU.Build.0 = Release|Any CPU
		{3BFA0916-6DBC-4A32-9B1E-9E9FA311C00C}.Debug|Any CPU.ActiveCfg = Debug|Any CPU
		{3BFA0916-6DBC-4A32-9B1E-9E9FA311C00C}.Debug|Any CPU.Build.0 = Debug|Any CPU
		{3BFA0916-6DBC-4A32-9B1E-9E9FA311C00C}.Release|Any CPU.ActiveCfg = Release|Any CPU
		{3BFA0916-6DBC-4A32-9B1E-9E9FA311C00C}.Release|Any CPU.Build.0 = Release|Any CPU
		{4C0B1A27-5ECB-4B43-AB2F-AF0AB412D00D}.Debug|Any CPU.ActiveCfg = Debug|Any CPU
		{4C0B1A27-5ECB-4B43-AB2F-AF0AB412D00D}.Debug|Any CPU.Build.0 = Debug|Any CPU
		{4C0B1A27-5ECB-4B43-AB2F-AF0AB412D00D}.Release|Any CPU.ActiveCfg = Release|Any CPU
		{4C0B1A27-5ECB-4B43-AB2F-AF0AB412D00D}.Release|Any CPU.Build.0 = Release|Any CPU
		{5D0C2B38-6FDD-4C54-9E3F-BA2BC524E00E}.Debug|Any CPU.ActiveCfg = Debug|Any CPU
		{5D0C2B38-6FDD-4C54-9E3F-BA2BC524E00E}.Debug|Any CPU.Build.0 = Debug|Any CPU
		{5D0C2B38-6FDD-4C54-9E3F-BA2BC524E00E}.Release|Any CPU.ActiveCfg = Release|Any CPU
		{5D0C2B38-6FDD-4C54-9E3F-BA2BC524E00E}.Release|Any CPU.Build.0 = Release|Any CPU
		{6E1D3C49-7FEE-4D65-AF40-CB3CD625F00F}.Debug|Any CPU.ActiveCfg = Debug|Any CPU
		{6E1D3C49-7FEE-4D65-AF40-CB3CD625F00F}.Debug|Any CPU.Build.0 = Debug|Any CPU
		{6E1D3C49-7FEE-4D65-AF40-CB3CD625F00F}.Release|Any CPU.ActiveCfg = Release|Any CPU
		{6E1D3C49-7FEE-4D65-AF40-CB3CD625F00F}.Release|Any CPU.Build.0 = Release|Any CPU
		{7F2E4D5A-8FFF-4E76-BF51-DC4DE736A010}.Debug|Any CPU.ActiveCfg = Debug|Any CPU
		{7F2E4D5A-8FFF-4E76-BF51-DC4DE736A010}.Debug|Any CPU.Build.0 = Debug|Any CPU
		{7F2E4D5A-8FFF-4E76-BF51-DC4DE736A010}.Release|Any CPU.ActiveCfg = Release|Any CPU
		{7F2E4D5A-8FFF-4E76-BF51-DC4DE736A010}.Release|Any CPU.Build.0 = Release|Any CPU
		{8A3F5E6B-9AAA-4F87-CA62-ED5EE847B011}.Debug|Any CPU.ActiveCfg = Debug|Any CPU
		{8A3F5E6B-9AAA-4F87-CA62-ED5EE847B011}.Debug|Any CPU.Build.0 = Debug|Any CPU
		{8A3F5E6B-9AAA-4F87-CA62-ED5EE847B011}.Release|Any CPU.ActiveCfg = Release|Any CPU
		{8A3F5E6B-9AAA-4F87-CA62-ED5EE847B011}.Release|Any CPU.Build.0 = Release|Any CPU
		{9B4A6F7C-ABBB-4A98-DB73-FE6FF958C012}.Debug|Any CPU.ActiveCfg = Debug|Any CPU
		{9B4A6F7C-ABBB-4A98-DB73-FE6FF958C012}.Debug|Any CPU.Build.0 = Debug|Any CPU
		{9B4A6F7C-ABBB-4A98-DB73-FE6FF958C012}.Release|Any CPU.ActiveCfg = Release|Any CPU
		{9B4A6F7C-ABBB-4A98-DB73-FE6FF958C012}.Release|Any CPU.Build.0 = Release|Any CPU
		{AC5B7A8D-BCCC-4BA9-EC84-AF7AA069D013}.Debug|Any CPU.ActiveCfg = Debug|Any CPU
		{AC5B7A8D-BCCC-4BA9-EC84-AF7AA069D013}.Debug|Any CPU.Build.0 = Debug|Any CPU
		{AC5B7A8D-BCCC-4BA9-EC84-AF7AA069D013}.Release|Any CPU.ActiveCfg = Release|Any CPU
		{AC5B7A8D-BCCC-4BA9-EC84-AF7AA069D013}.Release|Any CPU.Build.0 = Release|Any CPU
		{BD6C8B9E-CDDD-4CBA-FD95-BA8BB17AE014}.Debug|Any CPU.ActiveCfg = Debug|Any CPU
		{BD6C8B9E-CDDD-4CBA-FD95-BA8BB17AE014}.Debug|Any CPU.Build.0 = Debug|Any CPU
		{BD6C8B9E-CDDD-4CBA-FD95-BA8BB17AE014}.Release|Any CPU.ActiveCfg = Release|Any CPU
		{BD6C8B9E-CDDD-4CBA-FD95-BA8BB17AE014}.Release|Any CPU.Build.0 = Release|Any CPU
	EndGlobalSection
	GlobalSection(SolutionProperties) = preSolution
		HideSolutionNode = FALSE
	EndGlobalSection
	GlobalSection(NestedProjects) = preSolution
		{2B5B62F0-3F45-4B1E-9E6A-3B1E3CF8E001} = {3B3CE05A-7B29-4C0E-AC5A-1E79CC23BC23}
		{5E9E2B8D-6B8C-4D7C-B6E7-9B77C5D3C002} = {3B3CE05A-7B29-4C0E-AC5A-1E79CC23BC23}
		{8D3F3EAA-4E73-4A9D-A2E0-0D7A9D3CC003} = {3B3CE05A-7B29-4C0E-AC5A-1E79CC23BC23}
		{B7C5C9D1-5E3B-4B2E-9D43-1F1FA2C4D004} = {3B3CE05A-7B29-4C0E-AC5A-1E79CC23BC23}
		{C4E3D2B2-3D4F-4B8B-84F9-2F2D3E4F5005} = {3B3CE05A-7B29-4C0E-AC5A-1E79CC23BC23}
		{D5F4E3C2-2B1A-4F7D-95E8-3E3D4C5B6006} = {3B3CE05A-7B29-4C0E-AC5A-1E79CC23BC23}
		{E6A5B4C3-1A2B-4C8D-A6B9-4F4E5D6C7007} = {3B3CE05A-7B29-4C0E-AC5A-1E79CC23BC23}
		{F7B6C5D4-0A1B-4D9E-B7CA-5A5E6F7D8008} = {3B3CE05A-7B29-4C0E-AC5A-1E79CC23BC23}
		{08C7D6E5-9A8B-4E0F-C8DB-6B6F708E9009} = {3B3CE05A-7B29-4C0E-AC5A-1E79CC23BC23}
		{19D8E7F6-8B9C-4F10-D9EC-7C7F819FA00A} = {3B3CE05A-7B29-4C0E-AC5A-1E79CC23BC23}
		{2AE9F807-7CAB-4F21-EAFD-8D8F9200B00B} = {3B3CE05A-7B29-4C0E-AC5A-1E79CC23BC23}
		{3BFA0916-6DBC-4A32-9B1E-9E9FA311C00C} = {3B3CE05A-7B29-4C0E-AC5A-1E79CC23BC23}
		{4C0B1A27-5ECB-4B43-AB2F-AF0AB412D00D} = {3B3CE05A-7B29-4C0E-AC5A-1E79CC23BC23}
		{5D0C2B38-6FDD-4C54-9E3F-BA2BC524E00E} = {3B3CE05A-7B29-4C0E-AC5A-1E79CC23BC23}
		{6E1D3C49-7FEE-4D65-AF40-CB3CD625F00F} = {3B3CE05A-7B29-4C0E-AC5A-1E79CC23BC23}
		{7F2E4D5A-8FFF-4E76-BF51-DC4DE736A010} = {3B3CE05A-7B29-4C0E-AC5A-1E79CC23BC23}
		{8A3F5E6B-9AAA-4F87-CA62-ED5EE847B011} = {3B3CE05A-7B29-4C0E-AC5A-1E79CC23BC23}
		{9B4A6F7C-ABBB-4A98-DB73-FE6FF958C012} = {3B3CE05A-7B29-4C0E-AC5A-1E79CC23BC23}
		{AC5B7A8D-BCCC-4BA9-EC84-AF7AA069D013} = {3B3CE05A-7B29-4C0E-AC5A-1E79CC23BC23}
		{BD6C8B9E-CDDD-4CBA-FD95-BA8BB17AE014} = {3B3CE05A-7B29-4C0E-AC5A-1E79CC23BC23}
	EndGlobalSection
EndGlobal
